
Microsoft Visual Studio Solution File, Format Version 12.00
# Visual Studio Version 17
VisualStudioVersion = 17.8.34330.188
MinimumVisualStudioVersion = 10.0.40219.1
Project("{9A19103F-16F7-4668-BE54-9A1E7A4F7556}") = "BlazorApp", "BlazorApp\BlazorApp.csproj", "{A5B9C74D-5C16-4514-B90E-840D55D49BB4}"
	ProjectSection(ProjectDependencies) = postProject
		{E05E56CA-897F-4648-B52C-FD41498803ED} = {E05E56CA-897F-4648-B52C-FD41498803ED}
	EndProjectSection
EndProject
Project("{9A19103F-16F7-4668-BE54-9A1E7A4F7556}") = "BlazorApp.Client", "BlazorApp.Client\BlazorApp.Client.csproj", "{02FCFF51-8C34-4337-94CA-C073467B6B1D}"
	ProjectSection(ProjectDependencies) = postProject
		{E05E56CA-897F-4648-B52C-FD41498803ED} = {E05E56CA-897F-4648-B52C-FD41498803ED}
	EndProjectSection
EndProject
Project("{9A19103F-16F7-4668-BE54-9A1E7A4F7556}") = "Share", "Share\Share.csproj", "{E05E56CA-897F-4648-B52C-FD41498803ED}"
EndProject
Global
	GlobalSection(SolutionConfigurationPlatforms) = preSolution
		Debug|Any CPU = Debug|Any CPU
		Debug|x64 = Debug|x64
		Debug|x86 = Debug|x86
		Release|Any CPU = Release|Any CPU
		Release|x64 = Release|x64
		Release|x86 = Release|x86
	EndGlobalSection
	GlobalSection(ProjectConfigurationPlatforms) = postSolution
		{A5B9C74D-5C16-4514-B90E-840D55D49BB4}.Debug|Any CPU.ActiveCfg = Debug|Any CPU
		{A5B9C74D-5C16-4514-B90E-840D55D49BB4}.Debug|Any CPU.Build.0 = Debug|Any CPU
		{A5B9C74D-5C16-4514-B90E-840D55D49BB4}.Debug|x64.ActiveCfg = Debug|Any CPU
		{A5B9C74D-5C16-4514-B90E-840D55D49BB4}.Debug|x64.Build.0 = Debug|Any CPU
		{A5B9C74D-5C16-4514-B90E-840D55D49BB4}.Debug|x86.ActiveCfg = Debug|Any CPU
		{A5B9C74D-5C16-4514-B90E-840D55D49BB4}.Debug|x86.Build.0 = Debug|Any CPU
		{A5B9C74D-5C16-4514-B90E-840D55D49BB4}.Release|Any CPU.ActiveCfg = Release|Any CPU
		{A5B9C74D-5C16-4514-B90E-840D55D49BB4}.Release|Any CPU.Build.0 = Release|Any CPU
		{A5B9C74D-5C16-4514-B90E-840D55D49BB4}.Release|x64.ActiveCfg = Release|Any CPU
		{A5B9C74D-5C16-4514-B90E-840D55D49BB4}.Release|x64.Build.0 = Release|Any CPU
		{A5B9C74D-5C16-4514-B90E-840D55D49BB4}.Release|x86.ActiveCfg = Release|Any CPU
		{A5B9C74D-5C16-4514-B90E-840D55D49BB4}.Release|x86.Build.0 = Release|Any CPU
		{02FCFF51-8C34-4337-94CA-C073467B6B1D}.Debug|Any CPU.ActiveCfg = Debug|Any CPU
		{02FCFF51-8C34-4337-94CA-C073467B6B1D}.Debug|Any CPU.Build.0 = Debug|Any CPU
		{02FCFF51-8C34-4337-94CA-C073467B6B1D}.Debug|x64.ActiveCfg = Debug|Any CPU
		{02FCFF51-8C34-4337-94CA-C073467B6B1D}.Debug|x64.Build.0 = Debug|Any CPU
		{02FCFF51-8C34-4337-94CA-C073467B6B1D}.Debug|x86.ActiveCfg = Debug|Any CPU
		{02FCFF51-8C34-4337-94CA-C073467B6B1D}.Debug|x86.Build.0 = Debug|Any CPU
		{02FCFF51-8C34-4337-94CA-C073467B6B1D}.Release|Any CPU.ActiveCfg = Release|Any CPU
		{02FCFF51-8C34-4337-94CA-C073467B6B1D}.Release|Any CPU.Build.0 = Release|Any CPU
		{02FCFF51-8C34-4337-94CA-C073467B6B1D}.Release|x64.ActiveCfg = Release|Any CPU
		{02FCFF51-8C34-4337-94CA-C073467B6B1D}.Release|x64.Build.0 = Release|Any CPU
		{02FCFF51-8C34-4337-94CA-C073467B6B1D}.Release|x86.ActiveCfg = Release|Any CPU
		{02FCFF51-8C34-4337-94CA-C073467B6B1D}.Release|x86.Build.0 = Release|Any CPU
		{E05E56CA-897F-4648-B52C-FD41498803ED}.Debug|Any CPU.ActiveCfg = Debug|Any CPU
		{E05E56CA-897F-4648-B52C-FD41498803ED}.Debug|Any CPU.Build.0 = Debug|Any CPU
		{E05E56CA-897F-4648-B52C-FD41498803ED}.Debug|x64.ActiveCfg = Debug|Any CPU
		{E05E56CA-897F-4648-B52C-FD41498803ED}.Debug|x64.Build.0 = Debug|Any CPU
		{E05E56CA-897F-4648-B52C-FD41498803ED}.Debug|x86.ActiveCfg = Debug|Any CPU
		{E05E56CA-897F-4648-B52C-FD41498803ED}.Debug|x86.Build.0 = Debug|Any CPU
		{E05E56CA-897F-4648-B52C-FD41498803ED}.Release|Any CPU.ActiveCfg = Release|Any CPU
		{E05E56CA-897F-4648-B52C-FD41498803ED}.Release|Any CPU.Build.0 = Release|Any CPU
		{E05E56CA-897F-4648-B52C-FD41498803ED}.Release|x64.ActiveCfg = Release|Any CPU
		{E05E56CA-897F-4648-B52C-FD41498803ED}.Release|x64.Build.0 = Release|Any CPU
		{E05E56CA-897F-4648-B52C-FD41498803ED}.Release|x86.ActiveCfg = Release|Any CPU
		{E05E56CA-897F-4648-B52C-FD41498803ED}.Release|x86.Build.0 = Release|Any CPU
	EndGlobalSection
	GlobalSection(SolutionProperties) = preSolution
		HideSolutionNode = FALSE
	EndGlobalSection
	GlobalSection(ExtensibilityGlobals) = postSolution
		SolutionGuid = {33237193-427D-4655-9C15-32E7DC1DDF91}
	EndGlobalSection
EndGlobal
